
Microsoft Visual Studio Solution File, Format Version 12.00
# Visual Studio Version 16
VisualStudioVersion = 16.0.31112.23
MinimumVisualStudioVersion = 10.0.40219.1
Project("{FAE04EC0-301F-11D3-BF4B-00C04F79EFBC}") = "WinFormsApp1", "WinFormsApp1\WinFormsApp1.csproj", "{F30BACC9-9374-44FD-A27A-370F2DE3C5FA}"
EndProject
Global
	GlobalSection(SolutionConfigurationPlatforms) = preSolution
		Debug|Any CPU = Debug|Any CPU
		Release|Any CPU = Release|Any CPU
	EndGlobalSection
	GlobalSection(ProjectConfigurationPlatforms) = postSolution
		{F30BACC9-9374-44FD-A27A-370F2DE3C5FA}.Debug|Any CPU.ActiveCfg = Debug|Any CPU
		{F30BACC9-9374-44FD-A27A-370F2DE3C5FA}.Debug|Any CPU.Build.0 = Debug|Any CPU
		{F30BACC9-9374-44FD-A27A-370F2DE3C5FA}.Release|Any CPU.ActiveCfg = Release|Any CPU
		{F30BACC9-9374-44FD-A27A-370F2DE3C5FA}.Release|Any CPU.Build.0 = Release|Any CPU
	EndGlobalSection
	GlobalSection(SolutionProperties) = preSolution
		HideSolutionNode = FALSE
	EndGlobalSection
	GlobalSection(ExtensibilityGlobals) = postSolution
		SolutionGuid = {9BE8981A-CB4D-4D9F-9F5E-84FA15A1808E}
	EndGlobalSection
EndGlobal
